
Microsoft Visual Studio Solution File, Format Version 12.00
# Visual Studio 15
VisualStudioVersion = 15.0.28307.1622
MinimumVisualStudioVersion = 10.0.40219.1
Project("{8BC9CEB8-8B4A-11D0-8D11-00A0C91BC942}") = "简单工厂模式", "简单工厂模式\简单工厂模式.vcxproj", "{9D16A4A6-46FB-4305-B64C-9BC23C1E035B}"
EndProject
Project("{8BC9CEB8-8B4A-11D0-8D11-00A0C91BC942}") = "策略模式", "策略模式\策略模式.vcxproj", "{73391505-8695-421B-8720-00D3FE28C6ED}"
EndProject
Project("{8BC9CEB8-8B4A-11D0-8D11-00A0C91BC942}") = "装饰模式", "装饰模式\装饰模式.vcxproj", "{700CCE59-571F-495A-BAEA-C3EE4B00DB25}"
EndProject
Project("{8BC9CEB8-8B4A-11D0-8D11-00A0C91BC942}") = "代理模式", "代理模式\代理模式.vcxproj", "{CA258AF4-9418-409E-A7F9-5F6753C46A1C}"
EndProject
Project("{8BC9CEB8-8B4A-11D0-8D11-00A0C91BC942}") = "工厂方法模式", "工厂方法模式\工厂方法模式.vcxproj", "{BDCA9244-7398-4674-9C18-C648617A8D3F}"
EndProject
Project("{8BC9CEB8-8B4A-11D0-8D11-00A0C91BC942}") = "原型模式", "原型模式\原型模式.vcxproj", "{05AF0741-0A25-459B-8922-DB1B792B2D63}"
EndProject
Project("{8BC9CEB8-8B4A-11D0-8D11-00A0C91BC942}") = "模板方法模式", "模板方法模式\模板方法模式.vcxproj", "{9E4E1743-1738-42AB-BB5E-3534227A27A7}"
EndProject
Project("{8BC9CEB8-8B4A-11D0-8D11-00A0C91BC942}") = "外观模式", "外观模式\外观模式.vcxproj", "{131E3699-B6E7-437E-8F34-E11C38EBE0B3}"
EndProject
Project("{8BC9CEB8-8B4A-11D0-8D11-00A0C91BC942}") = "建造模式", "建造模式\建造模式.vcxproj", "{5E0737F5-DAE9-4FDE-890D-83D75580B1B7}"
EndProject
Project("{8BC9CEB8-8B4A-11D0-8D11-00A0C91BC942}") = "观察者模式", "观察者模式\观察者模式.vcxproj", "{C37BF9C8-C65C-4F51-8E6F-7180024F1518}"
EndProject
Project("{8BC9CEB8-8B4A-11D0-8D11-00A0C91BC942}") = "抽象工厂模式", "抽象工厂模式\抽象工厂模式.vcxproj", "{91F040C6-11B6-40C6-BF85-FC4EC632C353}"
EndProject
Project("{8BC9CEB8-8B4A-11D0-8D11-00A0C91BC942}") = "状态模式", "状态模式\状态模式.vcxproj", "{C31C42CC-C1F1-4153-B0E6-3320DC94AB6E}"
EndProject
Project("{8BC9CEB8-8B4A-11D0-8D11-00A0C91BC942}") = "适配器模式", "适配器模式\适配器模式.vcxproj", "{34F2D856-FC62-40E8-8B35-A2846D969EE4}"
EndProject
Project("{8BC9CEB8-8B4A-11D0-8D11-00A0C91BC942}") = "备忘录模式", "备忘录模式\备忘录模式.vcxproj", "{1093D259-D63B-4E32-B79C-CA6C4783A517}"
EndProject
Project("{8BC9CEB8-8B4A-11D0-8D11-00A0C91BC942}") = "组合模式", "组合模式\组合模式.vcxproj", "{E0413B26-5323-4453-B4DA-6B474279FEFF}"
EndProject
Project("{8BC9CEB8-8B4A-11D0-8D11-00A0C91BC942}") = "迭代器模式", "迭代器模式\迭代器模式.vcxproj", "{1C0F2735-D272-4655-B440-7CC6C75F4607}"
EndProject
Project("{8BC9CEB8-8B4A-11D0-8D11-00A0C91BC942}") = "单例模式", "单例模式\单例模式.vcxproj", "{745D156A-93DA-499A-B2CA-0B00131232D7}"
EndProject
Project("{8BC9CEB8-8B4A-11D0-8D11-00A0C91BC942}") = "桥接模式", "桥接模式\桥接模式.vcxproj", "{360F101C-BE38-4B8E-8032-11465B7C72CB}"
EndProject
Global
	GlobalSection(SolutionConfigurationPlatforms) = preSolution
		Debug|x64 = Debug|x64
		Debug|x86 = Debug|x86
		Release|x64 = Release|x64
		Release|x86 = Release|x86
	EndGlobalSection
	GlobalSection(ProjectConfigurationPlatforms) = postSolution
		{9D16A4A6-46FB-4305-B64C-9BC23C1E035B}.Debug|x64.ActiveCfg = Debug|x64
		{9D16A4A6-46FB-4305-B64C-9BC23C1E035B}.Debug|x64.Build.0 = Debug|x64
		{9D16A4A6-46FB-4305-B64C-9BC23C1E035B}.Debug|x86.ActiveCfg = Debug|Win32
		{9D16A4A6-46FB-4305-B64C-9BC23C1E035B}.Debug|x86.Build.0 = Debug|Win32
		{9D16A4A6-46FB-4305-B64C-9BC23C1E035B}.Release|x64.ActiveCfg = Release|x64
		{9D16A4A6-46FB-4305-B64C-9BC23C1E035B}.Release|x64.Build.0 = Release|x64
		{9D16A4A6-46FB-4305-B64C-9BC23C1E035B}.Release|x86.ActiveCfg = Release|Win32
		{9D16A4A6-46FB-4305-B64C-9BC23C1E035B}.Release|x86.Build.0 = Release|Win32
		{73391505-8695-421B-8720-00D3FE28C6ED}.Debug|x64.ActiveCfg = Debug|x64
		{73391505-8695-421B-8720-00D3FE28C6ED}.Debug|x64.Build.0 = Debug|x64
		{73391505-8695-421B-8720-00D3FE28C6ED}.Debug|x86.ActiveCfg = Debug|Win32
		{73391505-8695-421B-8720-00D3FE28C6ED}.Debug|x86.Build.0 = Debug|Win32
		{73391505-8695-421B-8720-00D3FE28C6ED}.Release|x64.ActiveCfg = Release|x64
		{73391505-8695-421B-8720-00D3FE28C6ED}.Release|x64.Build.0 = Release|x64
		{73391505-8695-421B-8720-00D3FE28C6ED}.Release|x86.ActiveCfg = Release|Win32
		{73391505-8695-421B-8720-00D3FE28C6ED}.Release|x86.Build.0 = Release|Win32
		{700CCE59-571F-495A-BAEA-C3EE4B00DB25}.Debug|x64.ActiveCfg = Debug|x64
		{700CCE59-571F-495A-BAEA-C3EE4B00DB25}.Debug|x64.Build.0 = Debug|x64
		{700CCE59-571F-495A-BAEA-C3EE4B00DB25}.Debug|x86.ActiveCfg = Debug|Win32
		{700CCE59-571F-495A-BAEA-C3EE4B00DB25}.Debug|x86.Build.0 = Debug|Win32
		{700CCE59-571F-495A-BAEA-C3EE4B00DB25}.Release|x64.ActiveCfg = Release|x64
		{700CCE59-571F-495A-BAEA-C3EE4B00DB25}.Release|x64.Build.0 = Release|x64
		{700CCE59-571F-495A-BAEA-C3EE4B00DB25}.Release|x86.ActiveCfg = Release|Win32
		{700CCE59-571F-495A-BAEA-C3EE4B00DB25}.Release|x86.Build.0 = Release|Win32
		{CA258AF4-9418-409E-A7F9-5F6753C46A1C}.Debug|x64.ActiveCfg = Debug|x64
		{CA258AF4-9418-409E-A7F9-5F6753C46A1C}.Debug|x64.Build.0 = Debug|x64
		{CA258AF4-9418-409E-A7F9-5F6753C46A1C}.Debug|x86.ActiveCfg = Debug|Win32
		{CA258AF4-9418-409E-A7F9-5F6753C46A1C}.Debug|x86.Build.0 = Debug|Win32
		{CA258AF4-9418-409E-A7F9-5F6753C46A1C}.Release|x64.ActiveCfg = Release|x64
		{CA258AF4-9418-409E-A7F9-5F6753C46A1C}.Release|x64.Build.0 = Release|x64
		{CA258AF4-9418-409E-A7F9-5F6753C46A1C}.Release|x86.ActiveCfg = Release|Win32
		{CA258AF4-9418-409E-A7F9-5F6753C46A1C}.Release|x86.Build.0 = Release|Win32
		{BDCA9244-7398-4674-9C18-C648617A8D3F}.Debug|x64.ActiveCfg = Debug|x64
		{BDCA9244-7398-4674-9C18-C648617A8D3F}.Debug|x64.Build.0 = Debug|x64
		{BDCA9244-7398-4674-9C18-C648617A8D3F}.Debug|x86.ActiveCfg = Debug|Win32
		{BDCA9244-7398-4674-9C18-C648617A8D3F}.Debug|x86.Build.0 = Debug|Win32
		{BDCA9244-7398-4674-9C18-C648617A8D3F}.Release|x64.ActiveCfg = Release|x64
		{BDCA9244-7398-4674-9C18-C648617A8D3F}.Release|x64.Build.0 = Release|x64
		{BDCA9244-7398-4674-9C18-C648617A8D3F}.Release|x86.ActiveCfg = Release|Win32
		{BDCA9244-7398-4674-9C18-C648617A8D3F}.Release|x86.Build.0 = Release|Win32
		{05AF0741-0A25-459B-8922-DB1B792B2D63}.Debug|x64.ActiveCfg = Debug|x64
		{05AF0741-0A25-459B-8922-DB1B792B2D63}.Debug|x64.Build.0 = Debug|x64
		{05AF0741-0A25-459B-8922-DB1B792B2D63}.Debug|x86.ActiveCfg = Debug|Win32
		{05AF0741-0A25-459B-8922-DB1B792B2D63}.Debug|x86.Build.0 = Debug|Win32
		{05AF0741-0A25-459B-8922-DB1B792B2D63}.Release|x64.ActiveCfg = Release|x64
		{05AF0741-0A25-459B-8922-DB1B792B2D63}.Release|x64.Build.0 = Release|x64
		{05AF0741-0A25-459B-8922-DB1B792B2D63}.Release|x86.ActiveCfg = Release|Win32
		{05AF0741-0A25-459B-8922-DB1B792B2D63}.Release|x86.Build.0 = Release|Win32
		{9E4E1743-1738-42AB-BB5E-3534227A27A7}.Debug|x64.ActiveCfg = Debug|x64
		{9E4E1743-1738-42AB-BB5E-3534227A27A7}.Debug|x64.Build.0 = Debug|x64
		{9E4E1743-1738-42AB-BB5E-3534227A27A7}.Debug|x86.ActiveCfg = Debug|Win32
		{9E4E1743-1738-42AB-BB5E-3534227A27A7}.Debug|x86.Build.0 = Debug|Win32
		{9E4E1743-1738-42AB-BB5E-3534227A27A7}.Release|x64.ActiveCfg = Release|x64
		{9E4E1743-1738-42AB-BB5E-3534227A27A7}.Release|x64.Build.0 = Release|x64
		{9E4E1743-1738-42AB-BB5E-3534227A27A7}.Release|x86.ActiveCfg = Release|Win32
		{9E4E1743-1738-42AB-BB5E-3534227A27A7}.Release|x86.Build.0 = Release|Win32
		{131E3699-B6E7-437E-8F34-E11C38EBE0B3}.Debug|x64.ActiveCfg = Debug|x64
		{131E3699-B6E7-437E-8F34-E11C38EBE0B3}.Debug|x64.Build.0 = Debug|x64
		{131E3699-B6E7-437E-8F34-E11C38EBE0B3}.Debug|x86.ActiveCfg = Debug|Win32
		{131E3699-B6E7-437E-8F34-E11C38EBE0B3}.Debug|x86.Build.0 = Debug|Win32
		{131E3699-B6E7-437E-8F34-E11C38EBE0B3}.Release|x64.ActiveCfg = Release|x64
		{131E3699-B6E7-437E-8F34-E11C38EBE0B3}.Release|x64.Build.0 = Release|x64
		{131E3699-B6E7-437E-8F34-E11C38EBE0B3}.Release|x86.ActiveCfg = Release|Win32
		{131E3699-B6E7-437E-8F34-E11C38EBE0B3}.Release|x86.Build.0 = Release|Win32
		{5E0737F5-DAE9-4FDE-890D-83D75580B1B7}.Debug|x64.ActiveCfg = Debug|x64
		{5E0737F5-DAE9-4FDE-890D-83D75580B1B7}.Debug|x64.Build.0 = Debug|x64
		{5E0737F5-DAE9-4FDE-890D-83D75580B1B7}.Debug|x86.ActiveCfg = Debug|Win32
		{5E0737F5-DAE9-4FDE-890D-83D75580B1B7}.Debug|x86.Build.0 = Debug|Win32
		{5E0737F5-DAE9-4FDE-890D-83D75580B1B7}.Release|x64.ActiveCfg = Release|x64
		{5E0737F5-DAE9-4FDE-890D-83D75580B1B7}.Release|x64.Build.0 = Release|x64
		{5E0737F5-DAE9-4FDE-890D-83D75580B1B7}.Release|x86.ActiveCfg = Release|Win32
		{5E0737F5-DAE9-4FDE-890D-83D75580B1B7}.Release|x86.Build.0 = Release|Win32
		{C37BF9C8-C65C-4F51-8E6F-7180024F1518}.Debug|x64.ActiveCfg = Debug|x64
		{C37BF9C8-C65C-4F51-8E6F-7180024F1518}.Debug|x64.Build.0 = Debug|x64
		{C37BF9C8-C65C-4F51-8E6F-7180024F1518}.Debug|x86.ActiveCfg = Debug|Win32
		{C37BF9C8-C65C-4F51-8E6F-7180024F1518}.Debug|x86.Build.0 = Debug|Win32
		{C37BF9C8-C65C-4F51-8E6F-7180024F1518}.Release|x64.ActiveCfg = Release|x64
		{C37BF9C8-C65C-4F51-8E6F-7180024F1518}.Release|x64.Build.0 = Release|x64
		{C37BF9C8-C65C-4F51-8E6F-7180024F1518}.Release|x86.ActiveCfg = Release|Win32
		{C37BF9C8-C65C-4F51-8E6F-7180024F1518}.Release|x86.Build.0 = Release|Win32
		{91F040C6-11B6-40C6-BF85-FC4EC632C353}.Debug|x64.ActiveCfg = Debug|x64
		{91F040C6-11B6-40C6-BF85-FC4EC632C353}.Debug|x64.Build.0 = Debug|x64
		{91F040C6-11B6-40C6-BF85-FC4EC632C353}.Debug|x86.ActiveCfg = Debug|Win32
		{91F040C6-11B6-40C6-BF85-FC4EC632C353}.Debug|x86.Build.0 = Debug|Win32
		{91F040C6-11B6-40C6-BF85-FC4EC632C353}.Release|x64.ActiveCfg = Release|x64
		{91F040C6-11B6-40C6-BF85-FC4EC632C353}.Release|x64.Build.0 = Release|x64
		{91F040C6-11B6-40C6-BF85-FC4EC632C353}.Release|x86.ActiveCfg = Release|Win32
		{91F040C6-11B6-40C6-BF85-FC4EC632C353}.Release|x86.Build.0 = Release|Win32
		{C31C42CC-C1F1-4153-B0E6-3320DC94AB6E}.Debug|x64.ActiveCfg = Debug|x64
		{C31C42CC-C1F1-4153-B0E6-3320DC94AB6E}.Debug|x64.Build.0 = Debug|x64
		{C31C42CC-C1F1-4153-B0E6-3320DC94AB6E}.Debug|x86.ActiveCfg = Debug|Win32
		{C31C42CC-C1F1-4153-B0E6-3320DC94AB6E}.Debug|x86.Build.0 = Debug|Win32
		{C31C42CC-C1F1-4153-B0E6-3320DC94AB6E}.Release|x64.ActiveCfg = Release|x64
		{C31C42CC-C1F1-4153-B0E6-3320DC94AB6E}.Release|x64.Build.0 = Release|x64
		{C31C42CC-C1F1-4153-B0E6-3320DC94AB6E}.Release|x86.ActiveCfg = Release|Win32
		{C31C42CC-C1F1-4153-B0E6-3320DC94AB6E}.Release|x86.Build.0 = Release|Win32
		{34F2D856-FC62-40E8-8B35-A2846D969EE4}.Debug|x64.ActiveCfg = Debug|x64
		{34F2D856-FC62-40E8-8B35-A2846D969EE4}.Debug|x64.Build.0 = Debug|x64
		{34F2D856-FC62-40E8-8B35-A2846D969EE4}.Debug|x86.ActiveCfg = Debug|Win32
		{34F2D856-FC62-40E8-8B35-A2846D969EE4}.Debug|x86.Build.0 = Debug|Win32
		{34F2D856-FC62-40E8-8B35-A2846D969EE4}.Release|x64.ActiveCfg = Release|x64
		{34F2D856-FC62-40E8-8B35-A2846D969EE4}.Release|x64.Build.0 = Release|x64
		{34F2D856-FC62-40E8-8B35-A2846D969EE4}.Release|x86.ActiveCfg = Release|Win32
		{34F2D856-FC62-40E8-8B35-A2846D969EE4}.Release|x86.Build.0 = Release|Win32
		{1093D259-D63B-4E32-B79C-CA6C4783A517}.Debug|x64.ActiveCfg = Debug|x64
		{1093D259-D63B-4E32-B79C-CA6C4783A517}.Debug|x64.Build.0 = Debug|x64
		{1093D259-D63B-4E32-B79C-CA6C4783A517}.Debug|x86.ActiveCfg = Debug|Win32
		{1093D259-D63B-4E32-B79C-CA6C4783A517}.Debug|x86.Build.0 = Debug|Win32
		{1093D259-D63B-4E32-B79C-CA6C4783A517}.Release|x64.ActiveCfg = Release|x64
		{1093D259-D63B-4E32-B79C-CA6C4783A517}.Release|x64.Build.0 = Release|x64
		{1093D259-D63B-4E32-B79C-CA6C4783A517}.Release|x86.ActiveCfg = Release|Win32
		{1093D259-D63B-4E32-B79C-CA6C4783A517}.Release|x86.Build.0 = Release|Win32
		{E0413B26-5323-4453-B4DA-6B474279FEFF}.Debug|x64.ActiveCfg = Debug|x64
		{E0413B26-5323-4453-B4DA-6B474279FEFF}.Debug|x64.Build.0 = Debug|x64
		{E0413B26-5323-4453-B4DA-6B474279FEFF}.Debug|x86.ActiveCfg = Debug|Win32
		{E0413B26-5323-4453-B4DA-6B474279FEFF}.Debug|x86.Build.0 = Debug|Win32
		{E0413B26-5323-4453-B4DA-6B474279FEFF}.Release|x64.ActiveCfg = Release|x64
		{E0413B26-5323-4453-B4DA-6B474279FEFF}.Release|x64.Build.0 = Release|x64
		{E0413B26-5323-4453-B4DA-6B474279FEFF}.Release|x86.ActiveCfg = Release|Win32
		{E0413B26-5323-4453-B4DA-6B474279FEFF}.Release|x86.Build.0 = Release|Win32
		{1C0F2735-D272-4655-B440-7CC6C75F4607}.Debug|x64.ActiveCfg = Debug|x64
		{1C0F2735-D272-4655-B440-7CC6C75F4607}.Debug|x64.Build.0 = Debug|x64
		{1C0F2735-D272-4655-B440-7CC6C75F4607}.Debug|x86.ActiveCfg = Debug|Win32
		{1C0F2735-D272-4655-B440-7CC6C75F4607}.Debug|x86.Build.0 = Debug|Win32
		{1C0F2735-D272-4655-B440-7CC6C75F4607}.Release|x64.ActiveCfg = Release|x64
		{1C0F2735-D272-4655-B440-7CC6C75F4607}.Release|x64.Build.0 = Release|x64
		{1C0F2735-D272-4655-B440-7CC6C75F4607}.Release|x86.ActiveCfg = Release|Win32
		{1C0F2735-D272-4655-B440-7CC6C75F4607}.Release|x86.Build.0 = Release|Win32
		{745D156A-93DA-499A-B2CA-0B00131232D7}.Debug|x64.ActiveCfg = Debug|x64
		{745D156A-93DA-499A-B2CA-0B00131232D7}.Debug|x64.Build.0 = Debug|x64
		{745D156A-93DA-499A-B2CA-0B00131232D7}.Debug|x86.ActiveCfg = Debug|Win32
		{745D156A-93DA-499A-B2CA-0B00131232D7}.Debug|x86.Build.0 = Debug|Win32
		{745D156A-93DA-499A-B2CA-0B00131232D7}.Release|x64.ActiveCfg = Release|x64
		{745D156A-93DA-499A-B2CA-0B00131232D7}.Release|x64.Build.0 = Release|x64
		{745D156A-93DA-499A-B2CA-0B00131232D7}.Release|x86.ActiveCfg = Release|Win32
		{745D156A-93DA-499A-B2CA-0B00131232D7}.Release|x86.Build.0 = Release|Win32
		{360F101C-BE38-4B8E-8032-11465B7C72CB}.Debug|x64.ActiveCfg = Debug|x64
		{360F101C-BE38-4B8E-8032-11465B7C72CB}.Debug|x64.Build.0 = Debug|x64
		{360F101C-BE38-4B8E-8032-11465B7C72CB}.Debug|x86.ActiveCfg = Debug|Win32
		{360F101C-BE38-4B8E-8032-11465B7C72CB}.Debug|x86.Build.0 = Debug|Win32
		{360F101C-BE38-4B8E-8032-11465B7C72CB}.Release|x64.ActiveCfg = Release|x64
		{360F101C-BE38-4B8E-8032-11465B7C72CB}.Release|x64.Build.0 = Release|x64
		{360F101C-BE38-4B8E-8032-11465B7C72CB}.Release|x86.ActiveCfg = Release|Win32
		{360F101C-BE38-4B8E-8032-11465B7C72CB}.Release|x86.Build.0 = Release|Win32
	EndGlobalSection
	GlobalSection(SolutionProperties) = preSolution
		HideSolutionNode = FALSE
	EndGlobalSection
	GlobalSection(ExtensibilityGlobals) = postSolution
		SolutionGuid = {0EE6B1D9-D1DD-4DFE-9661-9B0474EA54F4}
	EndGlobalSection
EndGlobal
